
Microsoft Visual Studio Solution File, Format Version 12.00
# Visual Studio Version 17
VisualStudioVersion = 17.6.33815.320
MinimumVisualStudioVersion = 10.0.40219.1
Project("{FAE04EC0-301F-11D3-BF4B-00C04F79EFBC}") = "AngularAuthYtAPI", "AngularAuthYtAPI\AngularAuthYtAPI.csproj", "{A77ED817-90A7-4FB8-BE43-38D146642D2A}"
EndProject
Global
	GlobalSection(SolutionConfigurationPlatforms) = preSolution
		Debug|Any CPU = Debug|Any CPU
		Release|Any CPU = Release|Any CPU
	EndGlobalSection
	GlobalSection(ProjectConfigurationPlatforms) = postSolution
		{A77ED817-90A7-4FB8-BE43-38D146642D2A}.Debug|Any CPU.ActiveCfg = Debug|Any CPU
		{A77ED817-90A7-4FB8-BE43-38D146642D2A}.Debug|Any CPU.Build.0 = Debug|Any CPU
		{A77ED817-90A7-4FB8-BE43-38D146642D2A}.Release|Any CPU.ActiveCfg = Release|Any CPU
		{A77ED817-90A7-4FB8-BE43-38D146642D2A}.Release|Any CPU.Build.0 = Release|Any CPU
	EndGlobalSection
	GlobalSection(SolutionProperties) = preSolution
		HideSolutionNode = FALSE
	EndGlobalSection
	GlobalSection(ExtensibilityGlobals) = postSolution
		SolutionGuid = {5523F181-539A-4B50-9E28-D44DF30B9266}
	EndGlobalSection
EndGlobal
